{
  "name": "chat",
  "version": "0.1.0",
  "lockfileVersion": 3,
  "requires": true,
  "packages": {
    "": {
      "name": "chat",
      "version": "0.1.0",
      "workspaces": [
        "backend",
        "frontend"
      ],
      "engines": {
        "node": ">=20.0.0",
        "npm": ">=9.0.0"
      }
    },
    "backend": {
      "name": "@chat/backend",
      "version": "0.1.0"
    },
    "frontend": {
      "name": "@chat/frontend",
      "version": "0.1.0"
    },
    "node_modules/@chat/backend": {
      "resolved": "backend",
      "link": true
    },
    "node_modules/@chat/frontend": {
      "resolved": "frontend",
      "link": true
    }
  }
}
